// !$*UTF8*$!
{
	archiveVersion = 1;
	classes = {
	};
	objectVersion = 55;
	objects = {

/* Begin PBXBuildFile section */
		6430673F299CA82C00DAC3B8 /* MyFirstMapApp.swift in Sources */ = {isa = PBXBuildFile; fileRef = 6430673E299CA82C00DAC3B8 /* MyFirstMapApp.swift */; };
		64306743299CA82E00DAC3B8 /* Assets.xcassets in Resources */ = {isa = PBXBuildFile; fileRef = 64306742299CA82E00DAC3B8 /* Assets.xcassets */; };
		64306746299CA82E00DAC3B8 /* Preview Assets.xcassets in Resources */ = {isa = PBXBuildFile; fileRef = 64306745299CA82E00DAC3B8 /* Preview Assets.xcassets */; };
		64306754299CA99900DAC3B8 /* MyMapView.swift in Sources */ = {isa = PBXBuildFile; fileRef = 64306753299CA99900DAC3B8 /* MyMapView.swift */; };
		64306756299CA9DF00DAC3B8 /* MyMap.swift in Sources */ = {isa = PBXBuildFile; fileRef = 64306755299CA9DF00DAC3B8 /* MyMap.swift */; };
		64306758299CB31200DAC3B8 /* MyMapLocationManager.swift in Sources */ = {isa = PBXBuildFile; fileRef = 64306757299CB31200DAC3B8 /* MyMapLocationManager.swift */; };
/* End PBXBuildFile section */

/* Begin PBXFileReference section */
		6430673B299CA82C00DAC3B8 /* MyFirstMap.app */ = {isa = PBXFileReference; explicitFileType = wrapper.application; includeInIndex = 0; path = MyFirstMap.app; sourceTree = BUILT_PRODUCTS_DIR; };
		6430673E299CA82C00DAC3B8 /* MyFirstMapApp.swift */ = {isa = PBXFileReference; lastKnownFileType = sourcecode.swift; path = MyFirstMapApp.swift; sourceTree = "<group>"; };
		64306742299CA82E00DAC3B8 /* Assets.xcassets */ = {isa = PBXFileReference; lastKnownFileType = folder.assetcatalog; path = Assets.xcassets; sourceTree = "<group>"; };
		64306745299CA82E00DAC3B8 /* Preview Assets.xcassets */ = {isa = PBXFileReference; lastKnownFileType = folder.assetcatalog; path = "Preview Assets.xcassets"; sourceTree = "<group>"; };
		64306753299CA99900DAC3B8 /* MyMapView.swift */ = {isa = PBXFileReference; lastKnownFileType = sourcecode.swift; path = MyMapView.swift; sourceTree = "<group>"; };
		64306755299CA9DF00DAC3B8 /* MyMap.swift */ = {isa = PBXFileReference; lastKnownFileType = sourcecode.swift; path = MyMap.swift; sourceTree = "<group>"; };
		64306757299CB31200DAC3B8 /* MyMapLocationManager.swift */ = {isa = PBXFileReference; lastKnownFileType = sourcecode.swift; path = MyMapLocationManager.swift; sourceTree = "<group>"; };
/* End PBXFileReference section */

/* Begin PBXFrameworksBuildPhase section */
		64306738299CA82C00DAC3B8 /* Frameworks */ = {
			isa = PBXFrameworksBuildPhase;
			buildActionMask = 2147483647;
			files = (
			);
			runOnlyForDeploymentPostprocessing = 0;
		};
/* End PBXFrameworksBuildPhase section */

/* Begin PBXGroup section */
		64306732299CA82C00DAC3B8 = {
			isa = PBXGroup;
			children = (
				6430673D299CA82C00DAC3B8 /* MyFirstMap */,
				6430673C299CA82C00DAC3B8 /* Products */,
			);
			sourceTree = "<group>";
		};
		6430673C299CA82C00DAC3B8 /* Products */ = {
			isa = PBXGroup;
			children = (
				6430673B299CA82C00DAC3B8 /* MyFirstMap.app */,
			);
			name = Products;
			sourceTree = "<group>";
		};
		6430673D299CA82C00DAC3B8 /* MyFirstMap */ = {
			isa = PBXGroup;
			children = (
				6430673E299CA82C00DAC3B8 /* MyFirstMapApp.swift */,
				64306753299CA99900DAC3B8 /* MyMapView.swift */,
				64306755299CA9DF00DAC3B8 /* MyMap.swift */,
				64306757299CB31200DAC3B8 /* MyMapLocationManager.swift */,
				64306742299CA82E00DAC3B8 /* Assets.xcassets */,
				64306744299CA82E00DAC3B8 /* Preview Content */,
			);
			path = MyFirstMap;
			sourceTree = "<group>";
		};
		64306744299CA82E00DAC3B8 /* Preview Content */ = {
			isa = PBXGroup;
			children = (
				64306745299CA82E00DAC3B8 /* Preview Assets.xcassets */,
			);
			path = "Preview Content";
			sourceTree = "<group>";
		};
/* End PBXGroup section */

/* Begin PBXNativeTarget section */
		6430673A299CA82C00DAC3B8 /* MyFirstMap */ = {
			isa = PBXNativeTarget;
			buildConfigurationList = 6430674E299CA82E00DAC3B8 /* Build configuration list for PBXNativeTarget "MyFirstMap" */;
			buildPhases = (
				64306737299CA82C00DAC3B8 /* Sources */,
				64306738299CA82C00DAC3B8 /* Frameworks */,
				64306739299CA82C00DAC3B8 /* Resources */,
			);
			buildRules = (
			);
			dependencies = (
			);
			name = MyFirstMap;
			productName = MyFirstMap;
			productReference = 6430673B299CA82C00DAC3B8 /* MyFirstMap.app */;
			productType = "com.apple.product-type.application";
		};
/* End PBXNativeTarget section */

/* Begin PBXProject section */
		64306733299CA82C00DAC3B8 /* Project object */ = {
			isa = PBXProject;
			attributes = {
				BuildIndependentTargetsInParallel = 1;
				LastSwiftUpdateCheck = 1320;
				LastUpgradeCheck = 1320;
				TargetAttributes = {
					6430673A299CA82C00DAC3B8 = {
						CreatedOnToolsVersion = 13.2.1;
					};
				};
			};
			buildConfigurationList = 64306736299CA82C00DAC3B8 /* Build configuration list for PBXProject "MyFirstMap" */;
			compatibilityVersion = "Xcode 13.0";
			developmentRegion = en;
			hasScannedForEncodings = 0;
			knownRegions = (
				en,
				Base,
			);
			mainGroup = 64306732299CA82C00DAC3B8;
			productRefGroup = 6430673C299CA82C00DAC3B8 /* Products */;
			projectDirPath = "";
			projectRoot = "";
			targets = (
				6430673A299CA82C00DAC3B8 /* MyFirstMap */,
			);
		};
/* End PBXProject section */

/* Begin PBXResourcesBuildPhase section */
		64306739299CA82C00DAC3B8 /* Resources */ = {
			isa = PBXResourcesBuildPhase;
			buildActionMask = 2147483647;
			files = (
				64306746299CA82E00DAC3B8 /* Preview Assets.xcassets in Resources */,
				64306743299CA82E00DAC3B8 /* Assets.xcassets in Resources */,
			);
			runOnlyForDeploymentPostprocessing = 0;
		};
/* End PBXResourcesBuildPhase section */

/* Begin PBXSourcesBuildPhase section */
		64306737299CA82C00DAC3B8 /* Sources */ = {
			isa = PBXSourcesBuildPhase;
			buildActionMask = 2147483647;
			files = (
				64306754299CA99900DAC3B8 /* MyMapView.swift in Sources */,
				64306758299CB31200DAC3B8 /* MyMapLocationManager.swift in Sources */,
				6430673F299CA82C00DAC3B8 /* MyFirstMapApp.swift in Sources */,
				64306756299CA9DF00DAC3B8 /* MyMap.swift in Sources */,
			);
			runOnlyForDeploymentPostprocessing = 0;
		};
/* End PBXSourcesBuildPhase section */

/* Begin XCBuildConfiguration section */
		6430674C299CA82E00DAC3B8 /* Debug */ = {
			isa = XCBuildConfiguration;
			buildSettings = {
				ALWAYS_SEARCH_USER_PATHS = NO;
				CLANG_ANALYZER_NONNULL = YES;
				CLANG_ANALYZER_NUMBER_OBJECT_CONVERSION = YES_AGGRESSIVE;
				CLANG_CXX_LANGUAGE_STANDARD = "gnu++17";
				CLANG_CXX_LIBRARY = "libc++";
				CLANG_ENABLE_MODULES = YES;
				CLANG_ENABLE_OBJC_ARC = YES;
				CLANG_ENABLE_OBJC_WEAK = YES;
				CLANG_WARN_BLOCK_CAPTURE_AUTORELEASING = YES;
				CLANG_WARN_BOOL_CONVERSION = YES;
				CLANG_WARN_COMMA = YES;
				CLANG_WARN_CONSTANT_CONVERSION = YES;
				CLANG_WARN_DEPRECATED_OBJC_IMPLEMENTATIONS = YES;
				CLANG_WARN_DIRECT_OBJC_ISA_USAGE = YES_ERROR;
				CLANG_WARN_DOCUMENTATION_COMMENTS = YES;
				CLANG_WARN_EMPTY_BODY = YES;
				CLANG_WARN_ENUM_CONVERSION = YES;
				CLANG_WARN_INFINITE_RECURSION = YES;
				CLANG_WARN_INT_CONVERSION = YES;
				CLANG_WARN_NON_LITERAL_NULL_CONVERSION = YES;
				CLANG_WARN_OBJC_IMPLICIT_RETAIN_SELF = YES;
				CLANG_WARN_OBJC_LITERAL_CONVERSION = YES;
				CLANG_WARN_OBJC_ROOT_CLASS = YES_ERROR;
				CLANG_WARN_QUOTED_INCLUDE_IN_FRAMEWORK_HEADER = YES;
				CLANG_WARN_RANGE_LOOP_ANALYSIS = YES;
				CLANG_WARN_STRICT_PROTOTYPES = YES;
				CLANG_WARN_SUSPICIOUS_MOVE = YES;
				CLANG_WARN_UNGUARDED_AVAILABILITY = YES_AGGRESSIVE;
				CLANG_WARN_UNREACHABLE_CODE = YES;
				CLANG_WARN__DUPLICATE_METHOD_MATCH = YES;
				COPY_PHASE_STRIP = NO;
				DEBUG_INFORMATION_FORMAT = dwarf;
				ENABLE_STRICT_OBJC_MSGSEND = YES;
				ENABLE_TESTABILITY = YES;
				GCC_C_LANGUAGE_STANDARD = gnu11;
				GCC_DYNAMIC_NO_PIC = NO;
				GCC_NO_COMMON_BLOCKS = YES;
				GCC_OPTIMIZATION_LEVEL = 0;
				GCC_PREPROCESSOR_DEFINITIONS = (
					"DEBUG=1",
					"$(inherited)",
				);
				GCC_WARN_64_TO_32_BIT_CONVERSION = YES;
				GCC_WARN_ABOUT_RETURN_TYPE = YES_ERROR;
				GCC_WARN_UNDECLARED_SELECTOR = YES;
				GCC_WARN_UNINITIALIZED_AUTOS = YES_AGGRESSIVE;
				GCC_WARN_UNUSED_FUNCTION = YES;
				GCC_WARN_UNUSED_VARIABLE = YES;
				IPHONEOS_DEPLOYMENT_TARGET = 15.2;
				MTL_ENABLE_DEBUG_INFO = INCLUDE_SOURCE;
				MTL_FAST_MATH = YES;
				ONLY_ACTIVE_ARCH = YES;
				SDKROOT = iphoneos;
				SWIFT_ACTIVE_COMPILATION_CONDITIONS = DEBUG;
				SWIFT_OPTIMIZATION_LEVEL = "-Onone";
			};
			name = Debug;
		};
		6430674D299CA82E00DAC3B8 /* Release */ = {
			isa = XCBuildConfiguration;
			buildSettings = {
				ALWAYS_SEARCH_USER_PATHS = NO;
				CLANG_ANALYZER_NONNULL = YES;
				CLANG_ANALYZER_NUMBER_OBJECT_CONVERSION = YES_AGGRESSIVE;
				CLANG_CXX_LANGUAGE_STANDARD = "gnu++17";
				CLANG_CXX_LIBRARY = "libc++";
				CLANG_ENABLE_MODULES = YES;
				CLANG_ENABLE_OBJC_ARC = YES;
				CLANG_ENABLE_OBJC_WEAK = YES;
				CLANG_WARN_BLOCK_CAPTURE_AUTORELEASING = YES;
				CLANG_WARN_BOOL_CONVERSION = YES;
				CLANG_WARN_COMMA = YES;
				CLANG_WARN_CONSTANT_CONVERSION = YES;
				CLANG_WARN_DEPRECATED_OBJC_IMPLEMENTATIONS = YES;
				CLANG_WARN_DIRECT_OBJC_ISA_USAGE = YES_ERROR;
				CLANG_WARN_DOCUMENTATION_COMMENTS = YES;
				CLANG_WARN_EMPTY_BODY = YES;
				CLANG_WARN_ENUM_CONVERSION = YES;
				CLANG_WARN_INFINITE_RECURSION = YES;
				CLANG_WARN_INT_CONVERSION = YES;
				CLANG_WARN_NON_LITERAL_NULL_CONVERSION = YES;
				CLANG_WARN_OBJC_IMPLICIT_RETAIN_SELF = YES;
				CLANG_WARN_OBJC_LITERAL_CONVERSION = YES;
				CLANG_WARN_OBJC_ROOT_CLASS = YES_ERROR;
				CLANG_WARN_QUOTED_INCLUDE_IN_FRAMEWORK_HEADER = YES;
				CLANG_WARN_RANGE_LOOP_ANALYSIS = YES;
				CLANG_WARN_STRICT_PROTOTYPES = YES;
				CLANG_WARN_SUSPICIOUS_MOVE = YES;
				CLANG_WARN_UNGUARDED_AVAILABILITY = YES_AGGRESSIVE;
				CLANG_WARN_UNREACHABLE_CODE = YES;
				CLANG_WARN__DUPLICATE_METHOD_MATCH = YES;
				COPY_PHASE_STRIP = NO;
				DEBUG_INFORMATION_FORMAT = "dwarf-with-dsym";
				ENABLE_NS_ASSERTIONS = NO;
				ENABLE_STRICT_OBJC_MSGSEND = YES;
				GCC_C_LANGUAGE_STANDARD = gnu11;
				GCC_NO_COMMON_BLOCKS = YES;
				GCC_WARN_64_TO_32_BIT_CONVERSION = YES;
				GCC_WARN_ABOUT_RETURN_TYPE = YES_ERROR;
				GCC_WARN_UNDECLARED_SELECTOR = YES;
				GCC_WARN_UNINITIALIZED_AUTOS = YES_AGGRESSIVE;
				GCC_WARN_UNUSED_FUNCTION = YES;
				GCC_WARN_UNUSED_VARIABLE = YES;
				IPHONEOS_DEPLOYMENT_TARGET = 15.2;
				MTL_ENABLE_DEBUG_INFO = NO;
				MTL_FAST_MATH = YES;
				SDKROOT = iphoneos;
				SWIFT_COMPILATION_MODE = wholemodule;
				SWIFT_OPTIMIZATION_LEVEL = "-O";
				VALIDATE_PRODUCT = YES;
			};
			name = Release;
		};
		6430674F299CA82E00DAC3B8 /* Debug */ = {
			isa = XCBuildConfiguration;
			buildSettings = {
				ASSETCATALOG_COMPILER_APPICON_NAME = AppIcon;
				ASSETCATALOG_COMPILER_GLOBAL_ACCENT_COLOR_NAME = AccentColor;
				CODE_SIGN_STYLE = Automatic;
				CURRENT_PROJECT_VERSION = 1;
				DEVELOPMENT_ASSET_PATHS = "\"MyFirstMap/Preview Content\"";
				ENABLE_PREVIEWS = YES;
				GENERATE_INFOPLIST_FILE = YES;
				INFOPLIST_KEY_NSLocationAlwaysAndWhenInUseUsageDescription = "MyMap needs your location to show you photos that have been shot near to you";
				INFOPLIST_KEY_NSLocationUsageDescription = "MyMap needs your location to show you photos that have been shot near to you";
				INFOPLIST_KEY_NSLocationWhenInUseUsageDescription = "MyMap needs your location to show you photos that have been shot near to you";
				INFOPLIST_KEY_UIApplicationSceneManifest_Generation = YES;
				INFOPLIST_KEY_UIApplicationSupportsIndirectInputEvents = YES;
				INFOPLIST_KEY_UILaunchScreen_Generation = YES;
				INFOPLIST_KEY_UISupportedInterfaceOrientations_iPad = "UIInterfaceOrientationPortrait UIInterfaceOrientationPortraitUpsideDown UIInterfaceOrientationLandscapeLeft UIInterfaceOrientationLandscapeRight";
				INFOPLIST_KEY_UISupportedInterfaceOrientations_iPhone = "UIInterfaceOrientationPortrait UIInterfaceOrientationLandscapeLeft UIInterfaceOrientationLandscapeRight";
				LD_RUNPATH_SEARCH_PATHS = (
					"$(inherited)",
					"@executable_path/Frameworks",
				);
				MARKETING_VERSION = 1.0;
				PRODUCT_BUNDLE_IDENTIFIER = com.example.MyFirstMap;
				PRODUCT_NAME = "$(TARGET_NAME)";
				SWIFT_EMIT_LOC_STRINGS = YES;
				SWIFT_VERSION = 5.0;
				TARGETED_DEVICE_FAMILY = "1,2";
			};
			name = Debug;
		};
		64306750299CA82E00DAC3B8 /* Release */ = {
			isa = XCBuildConfiguration;
			buildSettings = {
				ASSETCATALOG_COMPILER_APPICON_NAME = AppIcon;
				ASSETCATALOG_COMPILER_GLOBAL_ACCENT_COLOR_NAME = AccentColor;
				CODE_SIGN_STYLE = Automatic;
				CURRENT_PROJECT_VERSION = 1;
				DEVELOPMENT_ASSET_PATHS = "\"MyFirstMap/Preview Content\"";
				ENABLE_PREVIEWS = YES;
				GENERATE_INFOPLIST_FILE = YES;
				INFOPLIST_KEY_NSLocationAlwaysAndWhenInUseUsageDescription = "MyMap needs your location to show you photos that have been shot near to you";
				INFOPLIST_KEY_NSLocationUsageDescription = "MyMap needs your location to show you photos that have been shot near to you";
				INFOPLIST_KEY_NSLocationWhenInUseUsageDescription = "MyMap needs your location to show you photos that have been shot near to you";
				INFOPLIST_KEY_UIApplicationSceneManifest_Generation = YES;
				INFOPLIST_KEY_UIApplicationSupportsIndirectInputEvents = YES;
				INFOPLIST_KEY_UILaunchScreen_Generation = YES;
				INFOPLIST_KEY_UISupportedInterfaceOrientations_iPad = "UIInterfaceOrientationPortrait UIInterfaceOrientationPortraitUpsideDown UIInterfaceOrientationLandscapeLeft UIInterfaceOrientationLandscapeRight";
				INFOPLIST_KEY_UISupportedInterfaceOrientations_iPhone = "UIInterfaceOrientationPortrait UIInterfaceOrientationLandscapeLeft UIInterfaceOrientationLandscapeRight";
				LD_RUNPATH_SEARCH_PATHS = (
					"$(inherited)",
					"@executable_path/Frameworks",
				);
				MARKETING_VERSION = 1.0;
				PRODUCT_BUNDLE_IDENTIFIER = com.example.MyFirstMap;
				PRODUCT_NAME = "$(TARGET_NAME)";
				SWIFT_EMIT_LOC_STRINGS = YES;
				SWIFT_VERSION = 5.0;
				TARGETED_DEVICE_FAMILY = "1,2";
			};
			name = Release;
		};
/* End XCBuildConfiguration section */

/* Begin XCConfigurationList section */
		64306736299CA82C00DAC3B8 /* Build configuration list for PBXProject "MyFirstMap" */ = {
			isa = XCConfigurationList;
			buildConfigurations = (
				6430674C299CA82E00DAC3B8 /* Debug */,
				6430674D299CA82E00DAC3B8 /* Release */,
			);
			defaultConfigurationIsVisible = 0;
			defaultConfigurationName = Release;
		};
		6430674E299CA82E00DAC3B8 /* Build configuration list for PBXNativeTarget "MyFirstMap" */ = {
			isa = XCConfigurationList;
			buildConfigurations = (
				6430674F299CA82E00DAC3B8 /* Debug */,
				64306750299CA82E00DAC3B8 /* Release */,
			);
			defaultConfigurationIsVisible = 0;
			defaultConfigurationName = Release;
		};
/* End XCConfigurationList section */
	};
	rootObject = 64306733299CA82C00DAC3B8 /* Project object */;
}
